
Microsoft Visual Studio Solution File, Format Version 12.00
# Visual Studio Version 16
VisualStudioVersion = 16.0.28803.202
MinimumVisualStudioVersion = 10.0.40219.1
Project("{9A19103F-16F7-4668-BE54-9A1E7A4F7556}") = "EFCore", "EFCore\EFCore.csproj", "{B1753F26-ED55-4709-9FF4-8667E661B534}"
EndProject
Project("{FAE04EC0-301F-11D3-BF4B-00C04F79EFBC}") = "EF6", "EF6\EF6.csproj", "{4DD51562-E4AF-4B1B-8431-B0BE581FAD50}"
EndProject
Project("{9A19103F-16F7-4668-BE54-9A1E7A4F7556}") = "Shared", "Shared\Shared.csproj", "{513DC850-F5F3-42B8-A5A5-2782F95D9BB4}"
EndProject
Project("{9A19103F-16F7-4668-BE54-9A1E7A4F7556}") = "Hacking", "Hacking\Hacking.csproj", "{6810C5E4-5514-4035-BE20-A74D6C9204AB}"
EndProject
Project("{9A19103F-16F7-4668-BE54-9A1E7A4F7556}") = "CosmosDb", "CosmosDb\CosmosDb.csproj", "{25B8A7F9-8572-4D17-9108-7133147BAE9E}"
EndProject
Project("{2150E333-8FDC-42A3-9474-1A3956D46DE8}") = "Solution Items", "Solution Items", "{7AD27C4A-076D-4A10-AFD6-D780001CD486}"
	ProjectSection(SolutionItems) = preProject
		DemoScript.txt = DemoScript.txt
	EndProjectSection
EndProject
Global
	GlobalSection(SolutionConfigurationPlatforms) = preSolution
		Debug|Any CPU = Debug|Any CPU
		Release|Any CPU = Release|Any CPU
	EndGlobalSection
	GlobalSection(ProjectConfigurationPlatforms) = postSolution
		{B1753F26-ED55-4709-9FF4-8667E661B534}.Debug|Any CPU.ActiveCfg = Debug|Any CPU
		{B1753F26-ED55-4709-9FF4-8667E661B534}.Debug|Any CPU.Build.0 = Debug|Any CPU
		{B1753F26-ED55-4709-9FF4-8667E661B534}.Release|Any CPU.ActiveCfg = Release|Any CPU
		{B1753F26-ED55-4709-9FF4-8667E661B534}.Release|Any CPU.Build.0 = Release|Any CPU
		{4DD51562-E4AF-4B1B-8431-B0BE581FAD50}.Debug|Any CPU.ActiveCfg = Debug|Any CPU
		{4DD51562-E4AF-4B1B-8431-B0BE581FAD50}.Debug|Any CPU.Build.0 = Debug|Any CPU
		{4DD51562-E4AF-4B1B-8431-B0BE581FAD50}.Release|Any CPU.ActiveCfg = Release|Any CPU
		{4DD51562-E4AF-4B1B-8431-B0BE581FAD50}.Release|Any CPU.Build.0 = Release|Any CPU
		{513DC850-F5F3-42B8-A5A5-2782F95D9BB4}.Debug|Any CPU.ActiveCfg = Debug|Any CPU
		{513DC850-F5F3-42B8-A5A5-2782F95D9BB4}.Debug|Any CPU.Build.0 = Debug|Any CPU
		{513DC850-F5F3-42B8-A5A5-2782F95D9BB4}.Release|Any CPU.ActiveCfg = Release|Any CPU
		{513DC850-F5F3-42B8-A5A5-2782F95D9BB4}.Release|Any CPU.Build.0 = Release|Any CPU
		{6810C5E4-5514-4035-BE20-A74D6C9204AB}.Debug|Any CPU.ActiveCfg = Debug|Any CPU
		{6810C5E4-5514-4035-BE20-A74D6C9204AB}.Debug|Any CPU.Build.0 = Debug|Any CPU
		{6810C5E4-5514-4035-BE20-A74D6C9204AB}.Release|Any CPU.ActiveCfg = Release|Any CPU
		{6810C5E4-5514-4035-BE20-A74D6C9204AB}.Release|Any CPU.Build.0 = Release|Any CPU
		{25B8A7F9-8572-4D17-9108-7133147BAE9E}.Debug|Any CPU.ActiveCfg = Debug|Any CPU
		{25B8A7F9-8572-4D17-9108-7133147BAE9E}.Debug|Any CPU.Build.0 = Debug|Any CPU
		{25B8A7F9-8572-4D17-9108-7133147BAE9E}.Release|Any CPU.ActiveCfg = Release|Any CPU
		{25B8A7F9-8572-4D17-9108-7133147BAE9E}.Release|Any CPU.Build.0 = Release|Any CPU
	EndGlobalSection
	GlobalSection(SolutionProperties) = preSolution
		HideSolutionNode = FALSE
	EndGlobalSection
	GlobalSection(ExtensibilityGlobals) = postSolution
		SolutionGuid = {8EC7119C-27C2-4D7E-B4FC-41F12E047050}
	EndGlobalSection
EndGlobal
